
Microsoft Visual Studio Solution File, Format Version 12.00
# Visual Studio Version 17
VisualStudioVersion = 17.0.31903.59
MinimumVisualStudioVersion = 10.0.40219.1
Project("{FAE04EC0-301F-11D3-BF4B-00C04F79EFBC}") = "Penguin.Cms.Local", "Penguin.Cms.Local.csproj", "{13404C16-31A9-4F8D-9A52-E3960702F308}"
EndProject
Project("{FAE04EC0-301F-11D3-BF4B-00C04F79EFBC}") = "Penguin.Persistence.DependencyInjection.Local", "..\Penguin.Persistence.DependencyInjection\Penguin.Persistence.DependencyInjection.Local.csproj", "{13404C16-31A9-4F8D-9A52-E3960702F308}"
EndProject
Project("{FAE04EC0-301F-11D3-BF4B-00C04F79EFBC}") = "Penguin.DependencyInjection.Abstractions.Local", "..\Penguin.DependencyInjection.Abstractions\Penguin.DependencyInjection.Abstractions.Local.csproj", "{13404C16-31A9-4F8D-9A52-E3960702F308}"
EndProject
Project("{FAE04EC0-301F-11D3-BF4B-00C04F79EFBC}") = "Penguin.Configuration.Abstractions.Local", "..\Penguin.Configuration.Abstractions\Penguin.Configuration.Abstractions.Local.csproj", "{13404C16-31A9-4F8D-9A52-E3960702F308}"
EndProject
Project("{FAE04EC0-301F-11D3-BF4B-00C04F79EFBC}") = "Penguin.Extensions.String.Local", "..\Penguin.Extensions.String\Penguin.Extensions.String.Local.csproj", "{13404C16-31A9-4F8D-9A52-E3960702F308}"
EndProject
Project("{FAE04EC0-301F-11D3-BF4B-00C04F79EFBC}") = "Penguin.Persistence.Abstractions.Local", "..\Penguin.Persistence.Abstractions\Penguin.Persistence.Abstractions.Local.csproj", "{13404C16-31A9-4F8D-9A52-E3960702F308}"
EndProject
Project("{FAE04EC0-301F-11D3-BF4B-00C04F79EFBC}") = "Penguin.Entities.Abstractions.Local", "..\Penguin.Entities.Abstractions\Penguin.Entities.Abstractions.Local.csproj", "{13404C16-31A9-4F8D-9A52-E3960702F308}"
EndProject
Project("{FAE04EC0-301F-11D3-BF4B-00C04F79EFBC}") = "Penguin.Reflection.Extensions.Local", "..\Penguin.Reflection.Extensions\Penguin.Reflection.Extensions.Local.csproj", "{13404C16-31A9-4F8D-9A52-E3960702F308}"
EndProject
Project("{FAE04EC0-301F-11D3-BF4B-00C04F79EFBC}") = "Penguin.Reflection.Abstractions.Local", "..\Penguin.Reflection.Abstractions\Penguin.Reflection.Abstractions.Local.csproj", "{13404C16-31A9-4F8D-9A52-E3960702F308}"
EndProject
Project("{FAE04EC0-301F-11D3-BF4B-00C04F79EFBC}") = "Penguin.Debugging.Local", "..\Penguin.Debugging\Penguin.Debugging.Local.csproj", "{13404C16-31A9-4F8D-9A52-E3960702F308}"
EndProject
Project("{FAE04EC0-301F-11D3-BF4B-00C04F79EFBC}") = "Penguin.Extensions.Exceptions.Local", "..\Penguin.Extensions.Exceptions\Penguin.Extensions.Exceptions.Local.csproj", "{13404C16-31A9-4F8D-9A52-E3960702F308}"
EndProject
Project("{FAE04EC0-301F-11D3-BF4B-00C04F79EFBC}") = "Penguin.Cms.Core.Local", "..\Penguin.Cms.Core\Penguin.Cms.Core.Local.csproj", "{13404C16-31A9-4F8D-9A52-E3960702F308}"
EndProject
Project("{FAE04EC0-301F-11D3-BF4B-00C04F79EFBC}") = "Penguin.Cms.Abstractions.Local", "..\Penguin.Cms.Abstractions\Penguin.Cms.Abstractions.Local.csproj", "{13404C16-31A9-4F8D-9A52-E3960702F308}"
EndProject
Project("{FAE04EC0-301F-11D3-BF4B-00C04F79EFBC}") = "Penguin.Reflection.Local", "..\Penguin.Reflection\Penguin.Reflection.Local.csproj", "{13404C16-31A9-4F8D-9A52-E3960702F308}"
EndProject
Project("{FAE04EC0-301F-11D3-BF4B-00C04F79EFBC}") = "Penguin.Cms.Modules.Macros.Local", "..\Penguin.Cms.Modules.Macros\Penguin.Cms.Modules.Macros.Local.csproj", "{13404C16-31A9-4F8D-9A52-E3960702F308}"
EndProject
Project("{FAE04EC0-301F-11D3-BF4B-00C04F79EFBC}") = "Penguin.Persistence.EntityFramework.Local", "..\Penguin.Persistence.EntityFramework\Penguin.Persistence.EntityFramework.Local.csproj", "{13404C16-31A9-4F8D-9A52-E3960702F308}"
EndProject
Project("{FAE04EC0-301F-11D3-BF4B-00C04F79EFBC}") = "Penguin.Cms.Entities.Local", "..\Penguin.Cms.Entities\Penguin.Cms.Entities.Local.csproj", "{13404C16-31A9-4F8D-9A52-E3960702F308}"
EndProject
Project("{FAE04EC0-301F-11D3-BF4B-00C04F79EFBC}") = "Penguin.Persistence.Repositories.EntityFramework.Local", "..\Penguin.Persistence.Repositories.EntityFramework\Penguin.Persistence.Repositories.EntityFramework.Local.csproj", "{13404C16-31A9-4F8D-9A52-E3960702F308}"
EndProject
Project("{FAE04EC0-301F-11D3-BF4B-00C04F79EFBC}") = "Penguin.Messaging.Persistence.Local", "..\Penguin.Messaging.Persistence\Penguin.Messaging.Persistence.Local.csproj", "{13404C16-31A9-4F8D-9A52-E3960702F308}"
EndProject
Project("{FAE04EC0-301F-11D3-BF4B-00C04F79EFBC}") = "Penguin.Messaging.Abstractions.Local", "..\Penguin.Messaging.Abstractions\Penguin.Messaging.Abstractions.Local.csproj", "{13404C16-31A9-4F8D-9A52-E3960702F308}"
EndProject
Project("{FAE04EC0-301F-11D3-BF4B-00C04F79EFBC}") = "Penguin.Extensions.Collections.Local", "..\Penguin.Extensions.Collections\Penguin.Extensions.Collections.Local.csproj", "{13404C16-31A9-4F8D-9A52-E3960702F308}"
EndProject
Project("{FAE04EC0-301F-11D3-BF4B-00C04F79EFBC}") = "Penguin.Messaging.Logging.Local", "..\Penguin.Messaging.Logging\Penguin.Messaging.Logging.Local.csproj", "{13404C16-31A9-4F8D-9A52-E3960702F308}"
EndProject
Project("{FAE04EC0-301F-11D3-BF4B-00C04F79EFBC}") = "Penguin.Messaging.Core.Local", "..\Penguin.Messaging.Core\Penguin.Messaging.Core.Local.csproj", "{13404C16-31A9-4F8D-9A52-E3960702F308}"
EndProject
Project("{FAE04EC0-301F-11D3-BF4B-00C04F79EFBC}") = "Penguin.Cms.Modules.InternalMessaging.Local", "..\Penguin.Cms.Modules.InternalMessaging\Penguin.Cms.Modules.InternalMessaging.Local.csproj", "{13404C16-31A9-4F8D-9A52-E3960702F308}"
EndProject
Project("{FAE04EC0-301F-11D3-BF4B-00C04F79EFBC}") = "Penguin.Cms.InternalMessaging.Repositories.Local", "..\Penguin.Cms.InternalMessaging.Repositories\Penguin.Cms.InternalMessaging.Repositories.Local.csproj", "{13404C16-31A9-4F8D-9A52-E3960702F308}"
EndProject
Project("{FAE04EC0-301F-11D3-BF4B-00C04F79EFBC}") = "Penguin.Cms.InternalMessaging.Local", "..\Penguin.Cms.InternalMessaging\Penguin.Cms.InternalMessaging.Local.csproj", "{13404C16-31A9-4F8D-9A52-E3960702F308}"
EndProject
Project("{FAE04EC0-301F-11D3-BF4B-00C04F79EFBC}") = "Penguin.Shared.Objects.Local", "..\Penguin.Shared.Objects\Penguin.Shared.Objects.Local.csproj", "{13404C16-31A9-4F8D-9A52-E3960702F308}"
EndProject
Project("{FAE04EC0-301F-11D3-BF4B-00C04F79EFBC}") = "Penguin.Cms.Security.Repositories.Local", "..\Penguin.Cms.Security.Repositories\Penguin.Cms.Security.Repositories.Local.csproj", "{13404C16-31A9-4F8D-9A52-E3960702F308}"
EndProject
Project("{FAE04EC0-301F-11D3-BF4B-00C04F79EFBC}") = "Penguin.Cms.Security.Local", "..\Penguin.Cms.Security\Penguin.Cms.Security.Local.csproj", "{13404C16-31A9-4F8D-9A52-E3960702F308}"
EndProject
Project("{FAE04EC0-301F-11D3-BF4B-00C04F79EFBC}") = "Penguin.Auditing.Abstractions.Local", "..\Penguin.Auditing.Abstractions\Penguin.Auditing.Abstractions.Local.csproj", "{13404C16-31A9-4F8D-9A52-E3960702F308}"
EndProject
Project("{FAE04EC0-301F-11D3-BF4B-00C04F79EFBC}") = "Penguin.Email.Templating.Abstractions.Local", "..\Penguin.Email.Templating.Abstractions\Penguin.Email.Templating.Abstractions.Local.csproj", "{13404C16-31A9-4F8D-9A52-E3960702F308}"
EndProject
Project("{FAE04EC0-301F-11D3-BF4B-00C04F79EFBC}") = "Penguin.Email.Abstractions.Local", "..\Penguin.Email.Abstractions\Penguin.Email.Abstractions.Local.csproj", "{13404C16-31A9-4F8D-9A52-E3960702F308}"
EndProject
Project("{FAE04EC0-301F-11D3-BF4B-00C04F79EFBC}") = "Penguin.Files.Abstractions.Local", "..\Penguin.Files.Abstractions\Penguin.Files.Abstractions.Local.csproj", "{13404C16-31A9-4F8D-9A52-E3960702F308}"
EndProject
Project("{FAE04EC0-301F-11D3-BF4B-00C04F79EFBC}") = "Penguin.Templating.Abstractions.Local", "..\Penguin.Templating.Abstractions\Penguin.Templating.Abstractions.Local.csproj", "{13404C16-31A9-4F8D-9A52-E3960702F308}"
EndProject
Project("{FAE04EC0-301F-11D3-BF4B-00C04F79EFBC}") = "Penguin.Security.Abstractions.Local", "..\Penguin.Security.Abstractions\Penguin.Security.Abstractions.Local.csproj", "{13404C16-31A9-4F8D-9A52-E3960702F308}"
EndProject
Project("{FAE04EC0-301F-11D3-BF4B-00C04F79EFBC}") = "Penguin.Cms.Email.Abstractions.Local", "..\Penguin.Cms.Email.Abstractions\Penguin.Cms.Email.Abstractions.Local.csproj", "{13404C16-31A9-4F8D-9A52-E3960702F308}"
EndProject
Project("{FAE04EC0-301F-11D3-BF4B-00C04F79EFBC}") = "Penguin.Cms.Repositories.Local", "..\Penguin.Cms.Repositories\Penguin.Cms.Repositories.Local.csproj", "{13404C16-31A9-4F8D-9A52-E3960702F308}"
EndProject
Project("{FAE04EC0-301F-11D3-BF4B-00C04F79EFBC}") = "Penguin.Persistence.Repositories.Local", "..\Penguin.Persistence.Repositories\Penguin.Persistence.Repositories.Local.csproj", "{13404C16-31A9-4F8D-9A52-E3960702F308}"
EndProject
Project("{FAE04EC0-301F-11D3-BF4B-00C04F79EFBC}") = "Penguin.Cms.Web.Local", "..\Penguin.Cms.Web\Penguin.Cms.Web.Local.csproj", "{13404C16-31A9-4F8D-9A52-E3960702F308}"
EndProject
Project("{FAE04EC0-301F-11D3-BF4B-00C04F79EFBC}") = "Penguin.Web.Mvc.Local", "..\Penguin.Web.Mvc\Penguin.Web.Mvc.Local.csproj", "{13404C16-31A9-4F8D-9A52-E3960702F308}"
EndProject
Project("{FAE04EC0-301F-11D3-BF4B-00C04F79EFBC}") = "Penguin.Web.Mvc.Abstractions.Local", "..\Penguin.Web.Mvc.Abstractions\Penguin.Web.Mvc.Abstractions.Local.csproj", "{13404C16-31A9-4F8D-9A52-E3960702F308}"
EndProject
Project("{FAE04EC0-301F-11D3-BF4B-00C04F79EFBC}") = "Penguin.Web.Abstractions.Local", "..\Penguin.Web.Abstractions\Penguin.Web.Abstractions.Local.csproj", "{13404C16-31A9-4F8D-9A52-E3960702F308}"
EndProject
Project("{FAE04EC0-301F-11D3-BF4B-00C04F79EFBC}") = "Penguin.Configuration.Local", "..\Penguin.Configuration\Penguin.Configuration.Local.csproj", "{13404C16-31A9-4F8D-9A52-E3960702F308}"
EndProject
Project("{FAE04EC0-301F-11D3-BF4B-00C04F79EFBC}") = "Penguin.Messaging.Application.Local", "..\Penguin.Messaging.Application\Penguin.Messaging.Application.Local.csproj", "{13404C16-31A9-4F8D-9A52-E3960702F308}"
EndProject
Project("{FAE04EC0-301F-11D3-BF4B-00C04F79EFBC}") = "Penguin.Testing.Local", "..\Penguin.Testing\Penguin.Testing.Local.csproj", "{13404C16-31A9-4F8D-9A52-E3960702F308}"
EndProject
Project("{FAE04EC0-301F-11D3-BF4B-00C04F79EFBC}") = "Penguin.Files.Local", "..\Penguin.Files\Penguin.Files.Local.csproj", "{13404C16-31A9-4F8D-9A52-E3960702F308}"
EndProject
Project("{FAE04EC0-301F-11D3-BF4B-00C04F79EFBC}") = "Penguin.Web.DependencyInjection.Local", "..\Penguin.Web.DependencyInjection\Penguin.Web.DependencyInjection.Local.csproj", "{13404C16-31A9-4F8D-9A52-E3960702F308}"
EndProject
Project("{FAE04EC0-301F-11D3-BF4B-00C04F79EFBC}") = "Penguin.Web.Testing.Local", "..\Penguin.Web.Testing\Penguin.Web.Testing.Local.csproj", "{13404C16-31A9-4F8D-9A52-E3960702F308}"
EndProject
Project("{FAE04EC0-301F-11D3-BF4B-00C04F79EFBC}") = "Penguin.DependencyInjection.Local", "..\Penguin.DependencyInjection\Penguin.DependencyInjection.Local.csproj", "{13404C16-31A9-4F8D-9A52-E3960702F308}"
EndProject
Project("{FAE04EC0-301F-11D3-BF4B-00C04F79EFBC}") = "Penguin.Persistence.Database.Local", "..\Penguin.Persistence.Database\Penguin.Persistence.Database.Local.csproj", "{13404C16-31A9-4F8D-9A52-E3960702F308}"
EndProject
Project("{FAE04EC0-301F-11D3-BF4B-00C04F79EFBC}") = "Penguin.Threading.BackgroundWorker.Local", "..\Penguin.Threading.BackgroundWorker\Penguin.Threading.BackgroundWorker.Local.csproj", "{13404C16-31A9-4F8D-9A52-E3960702F308}"
EndProject
Project("{FAE04EC0-301F-11D3-BF4B-00C04F79EFBC}") = "Penguin.Reflection.Serialization.Extensions.Local", "..\Penguin.Reflection.Serialization.Extensions\Penguin.Reflection.Serialization.Extensions.Local.csproj", "{13404C16-31A9-4F8D-9A52-E3960702F308}"
EndProject
Project("{FAE04EC0-301F-11D3-BF4B-00C04F79EFBC}") = "Penguin.Reflection.Serialization.Local", "..\Penguin.Reflection.Serialization\Penguin.Reflection.Serialization.Local.csproj", "{13404C16-31A9-4F8D-9A52-E3960702F308}"
EndProject
Project("{FAE04EC0-301F-11D3-BF4B-00C04F79EFBC}") = "Penguin.Reflection.Serialization.Abstractions.Local", "..\Penguin.Reflection.Serialization.Abstractions\Penguin.Reflection.Serialization.Abstractions.Local.csproj", "{13404C16-31A9-4F8D-9A52-E3960702F308}"
EndProject
Project("{FAE04EC0-301F-11D3-BF4B-00C04F79EFBC}") = "Penguin.Web.Errors.Local", "..\Penguin.Web.Errors\Penguin.Web.Errors.Local.csproj", "{13404C16-31A9-4F8D-9A52-E3960702F308}"
EndProject
Project("{FAE04EC0-301F-11D3-BF4B-00C04F79EFBC}") = "Penguin.Cms.Modules.Errors.Local", "..\Penguin.Cms.Modules.Errors\Penguin.Cms.Modules.Errors.Local.csproj", "{13404C16-31A9-4F8D-9A52-E3960702F308}"
EndProject
Project("{FAE04EC0-301F-11D3-BF4B-00C04F79EFBC}") = "Penguin.Cms.Web.Errors.Local", "..\Penguin.Cms.Web.Errors\Penguin.Cms.Web.Errors.Local.csproj", "{13404C16-31A9-4F8D-9A52-E3960702F308}"
EndProject
Project("{FAE04EC0-301F-11D3-BF4B-00C04F79EFBC}") = "Penguin.Cms.Errors.Local", "..\Penguin.Cms.Errors\Penguin.Cms.Errors.Local.csproj", "{13404C16-31A9-4F8D-9A52-E3960702F308}"
EndProject
Project("{FAE04EC0-301F-11D3-BF4B-00C04F79EFBC}") = "Penguin.Cms.Modules.Dynamic.Local", "..\Penguin.Cms.Modules.Dynamic\Penguin.Cms.Modules.Dynamic.Local.csproj", "{13404C16-31A9-4F8D-9A52-E3960702F308}"
EndProject
Project("{FAE04EC0-301F-11D3-BF4B-00C04F79EFBC}") = "Penguin.Json.Local", "..\Penguin.Json\Penguin.Json.Local.csproj", "{13404C16-31A9-4F8D-9A52-E3960702F308}"
EndProject
Project("{FAE04EC0-301F-11D3-BF4B-00C04F79EFBC}") = "Penguin.SystemExtensions.Abstractions.Local", "..\Penguin.SystemExtensions.Abstractions\Penguin.SystemExtensions.Abstractions.Local.csproj", "{13404C16-31A9-4F8D-9A52-E3960702F308}"
EndProject
Project("{FAE04EC0-301F-11D3-BF4B-00C04F79EFBC}") = "Penguin.Json.Abstractions.Local", "..\Penguin.Json.Abstractions\Penguin.Json.Abstractions.Local.csproj", "{13404C16-31A9-4F8D-9A52-E3960702F308}"
EndProject
Project("{FAE04EC0-301F-11D3-BF4B-00C04F79EFBC}") = "Penguin.Web.Dynamic.Local", "..\Penguin.Web.Dynamic\Penguin.Web.Dynamic.Local.csproj", "{13404C16-31A9-4F8D-9A52-E3960702F308}"
EndProject
Project("{FAE04EC0-301F-11D3-BF4B-00C04F79EFBC}") = "Penguin.Cms.Modules.Admin.Local", "..\Penguin.Cms.Modules.Admin\Penguin.Cms.Modules.Admin.Local.csproj", "{13404C16-31A9-4F8D-9A52-E3960702F308}"
EndProject
Project("{FAE04EC0-301F-11D3-BF4B-00C04F79EFBC}") = "Penguin.Web.Security.Local", "..\Penguin.Web.Security\Penguin.Web.Security.Local.csproj", "{13404C16-31A9-4F8D-9A52-E3960702F308}"
EndProject
Project("{FAE04EC0-301F-11D3-BF4B-00C04F79EFBC}") = "Penguin.Cms.Modules.Core.Local", "..\Penguin.Cms.Modules.Core\Penguin.Cms.Modules.Core.Local.csproj", "{13404C16-31A9-4F8D-9A52-E3960702F308}"
EndProject
Project("{FAE04EC0-301F-11D3-BF4B-00C04F79EFBC}") = "Penguin.Navigation.Abstractions.Local", "..\Penguin.Navigation.Abstractions\Penguin.Navigation.Abstractions.Local.csproj", "{13404C16-31A9-4F8D-9A52-E3960702F308}"
EndProject
Project("{FAE04EC0-301F-11D3-BF4B-00C04F79EFBC}") = "Penguin.Cms.Modules.Forms.Local", "..\Penguin.Cms.Modules.Forms\Penguin.Cms.Modules.Forms.Local.csproj", "{13404C16-31A9-4F8D-9A52-E3960702F308}"
EndProject
Project("{FAE04EC0-301F-11D3-BF4B-00C04F79EFBC}") = "Penguin.Cms.Forms.Repositories.Local", "..\Penguin.Cms.Forms.Repositories\Penguin.Cms.Forms.Repositories.Local.csproj", "{13404C16-31A9-4F8D-9A52-E3960702F308}"
EndProject
Project("{FAE04EC0-301F-11D3-BF4B-00C04F79EFBC}") = "Penguin.Cms.Forms.Local", "..\Penguin.Cms.Forms\Penguin.Cms.Forms.Local.csproj", "{13404C16-31A9-4F8D-9A52-E3960702F308}"
EndProject
Project("{FAE04EC0-301F-11D3-BF4B-00C04F79EFBC}") = "Penguin.Forms.Abstractions.Local", "..\Penguin.Forms.Abstractions\Penguin.Forms.Abstractions.Local.csproj", "{13404C16-31A9-4F8D-9A52-E3960702F308}"
EndProject
Project("{FAE04EC0-301F-11D3-BF4B-00C04F79EFBC}") = "Penguin.Cms.Modules.Pages.Local", "..\Penguin.Cms.Modules.Pages\Penguin.Cms.Modules.Pages.Local.csproj", "{13404C16-31A9-4F8D-9A52-E3960702F308}"
EndProject
Project("{FAE04EC0-301F-11D3-BF4B-00C04F79EFBC}") = "Penguin.Cms.Web.Pages.Local", "..\Penguin.Cms.Web.Pages\Penguin.Cms.Web.Pages.Local.csproj", "{13404C16-31A9-4F8D-9A52-E3960702F308}"
EndProject
Project("{FAE04EC0-301F-11D3-BF4B-00C04F79EFBC}") = "Penguin.Web.Templating.Local", "..\Penguin.Web.Templating\Penguin.Web.Templating.Local.csproj", "{13404C16-31A9-4F8D-9A52-E3960702F308}"
EndProject
Project("{FAE04EC0-301F-11D3-BF4B-00C04F79EFBC}") = "Penguin.Cms.Pages.Repositories.Local", "..\Penguin.Cms.Pages.Repositories\Penguin.Cms.Pages.Repositories.Local.csproj", "{13404C16-31A9-4F8D-9A52-E3960702F308}"
EndProject
Project("{FAE04EC0-301F-11D3-BF4B-00C04F79EFBC}") = "Penguin.Cms.Pages.Local", "..\Penguin.Cms.Pages\Penguin.Cms.Pages.Local.csproj", "{13404C16-31A9-4F8D-9A52-E3960702F308}"
EndProject
Project("{FAE04EC0-301F-11D3-BF4B-00C04F79EFBC}") = "Penguin.Cms.Modules.Navigation.Local", "..\Penguin.Cms.Modules.Navigation\Penguin.Cms.Modules.Navigation.Local.csproj", "{13404C16-31A9-4F8D-9A52-E3960702F308}"
EndProject
Project("{FAE04EC0-301F-11D3-BF4B-00C04F79EFBC}") = "Penguin.Cms.Navigation.Repositories.Local", "..\Penguin.Cms.Navigation.Repositories\Penguin.Cms.Navigation.Repositories.Local.csproj", "{13404C16-31A9-4F8D-9A52-E3960702F308}"
EndProject
Project("{FAE04EC0-301F-11D3-BF4B-00C04F79EFBC}") = "Penguin.Cms.Navigation.Local", "..\Penguin.Cms.Navigation\Penguin.Cms.Navigation.Local.csproj", "{13404C16-31A9-4F8D-9A52-E3960702F308}"
EndProject
Project("{FAE04EC0-301F-11D3-BF4B-00C04F79EFBC}") = "Penguin.Cms.Modules.Configuration.Local", "..\Penguin.Cms.Modules.Configuration\Penguin.Cms.Modules.Configuration.Local.csproj", "{13404C16-31A9-4F8D-9A52-E3960702F308}"
EndProject
Project("{FAE04EC0-301F-11D3-BF4B-00C04F79EFBC}") = "Penguin.Cms.Configuration.Local", "..\Penguin.Cms.Configuration\Penguin.Cms.Configuration.Local.csproj", "{13404C16-31A9-4F8D-9A52-E3960702F308}"
EndProject
Project("{FAE04EC0-301F-11D3-BF4B-00C04F79EFBC}") = "Penguin.Cms.Modules.Reporting.Local", "..\Penguin.Cms.Modules.Reporting\Penguin.Cms.Modules.Reporting.Local.csproj", "{13404C16-31A9-4F8D-9A52-E3960702F308}"
EndProject
Project("{FAE04EC0-301F-11D3-BF4B-00C04F79EFBC}") = "Penguin.Reflection.Dynamic.Local", "..\Penguin.Reflection.Dynamic\Penguin.Reflection.Dynamic.Local.csproj", "{13404C16-31A9-4F8D-9A52-E3960702F308}"
EndProject
Project("{FAE04EC0-301F-11D3-BF4B-00C04F79EFBC}") = "Penguin.Cms.Reporting.Local", "..\Penguin.Cms.Reporting\Penguin.Cms.Reporting.Local.csproj", "{13404C16-31A9-4F8D-9A52-E3960702F308}"
EndProject
Project("{FAE04EC0-301F-11D3-BF4B-00C04F79EFBC}") = "Penguin.Persistence.Database.Serialization.Extensions.Local", "..\Penguin.Persistence.Database.Serialization.Extensions\Penguin.Persistence.Database.Serialization.Extensions.Local.csproj", "{13404C16-31A9-4F8D-9A52-E3960702F308}"
EndProject
Project("{FAE04EC0-301F-11D3-BF4B-00C04F79EFBC}") = "Penguin.Cms.Modules.Images.Local", "..\Penguin.Cms.Modules.Images\Penguin.Cms.Modules.Images.Local.csproj", "{13404C16-31A9-4F8D-9A52-E3960702F308}"
EndProject
Project("{FAE04EC0-301F-11D3-BF4B-00C04F79EFBC}") = "Penguin.Cms.Files.Local", "..\Penguin.Cms.Files\Penguin.Cms.Files.Local.csproj", "{13404C16-31A9-4F8D-9A52-E3960702F308}"
EndProject
Project("{FAE04EC0-301F-11D3-BF4B-00C04F79EFBC}") = "Penguin.Cms.Images.Repositories.Local", "..\Penguin.Cms.Images.Repositories\Penguin.Cms.Images.Repositories.Local.csproj", "{13404C16-31A9-4F8D-9A52-E3960702F308}"
EndProject
Project("{FAE04EC0-301F-11D3-BF4B-00C04F79EFBC}") = "Penguin.Cms.Images.Local", "..\Penguin.Cms.Images\Penguin.Cms.Images.Local.csproj", "{13404C16-31A9-4F8D-9A52-E3960702F308}"
EndProject
Project("{FAE04EC0-301F-11D3-BF4B-00C04F79EFBC}") = "Penguin.Images.Local", "..\Penguin.Images\Penguin.Images.Local.csproj", "{13404C16-31A9-4F8D-9A52-E3960702F308}"
EndProject
Project("{FAE04EC0-301F-11D3-BF4B-00C04F79EFBC}") = "Penguin.Web.Data.Local", "..\Penguin.Web.Data\Penguin.Web.Data.Local.csproj", "{13404C16-31A9-4F8D-9A52-E3960702F308}"
EndProject
Project("{FAE04EC0-301F-11D3-BF4B-00C04F79EFBC}") = "Penguin.Cms.Modules.Files.Local", "..\Penguin.Cms.Modules.Files\Penguin.Cms.Modules.Files.Local.csproj", "{13404C16-31A9-4F8D-9A52-E3960702F308}"
EndProject
Project("{FAE04EC0-301F-11D3-BF4B-00C04F79EFBC}") = "Penguin.Cms.Web.Files.Local", "..\Penguin.Cms.Web.Files\Penguin.Cms.Web.Files.Local.csproj", "{13404C16-31A9-4F8D-9A52-E3960702F308}"
EndProject
Project("{FAE04EC0-301F-11D3-BF4B-00C04F79EFBC}") = "Penguin.Cms.Files.Repositories.Local", "..\Penguin.Cms.Files.Repositories\Penguin.Cms.Files.Repositories.Local.csproj", "{13404C16-31A9-4F8D-9A52-E3960702F308}"
EndProject
Project("{FAE04EC0-301F-11D3-BF4B-00C04F79EFBC}") = "Penguin.Cms.Modules.Email.Local", "..\Penguin.Cms.Modules.Email\Penguin.Cms.Modules.Email.Local.csproj", "{13404C16-31A9-4F8D-9A52-E3960702F308}"
EndProject
Project("{FAE04EC0-301F-11D3-BF4B-00C04F79EFBC}") = "Penguin.Web.Email.Templating.Local", "..\Penguin.Web.Email.Templating\Penguin.Web.Email.Templating.Local.csproj", "{13404C16-31A9-4F8D-9A52-E3960702F308}"
EndProject
Project("{FAE04EC0-301F-11D3-BF4B-00C04F79EFBC}") = "Penguin.Cms.Email.DependencyInjection.Local", "..\Penguin.Cms.Email.DependencyInjection\Penguin.Cms.Email.DependencyInjection.Local.csproj", "{13404C16-31A9-4F8D-9A52-E3960702F308}"
EndProject
Project("{FAE04EC0-301F-11D3-BF4B-00C04F79EFBC}") = "Penguin.Email.Templating.Local", "..\Penguin.Email.Templating\Penguin.Email.Templating.Local.csproj", "{13404C16-31A9-4F8D-9A52-E3960702F308}"
EndProject
Project("{FAE04EC0-301F-11D3-BF4B-00C04F79EFBC}") = "Penguin.Cms.Email.Templating.Repositories.Local", "..\Penguin.Cms.Email.Templating.Repositories\Penguin.Cms.Email.Templating.Repositories.Local.csproj", "{13404C16-31A9-4F8D-9A52-E3960702F308}"
EndProject
Project("{FAE04EC0-301F-11D3-BF4B-00C04F79EFBC}") = "Penguin.Cms.Email.Templating.Local", "..\Penguin.Cms.Email.Templating\Penguin.Cms.Email.Templating.Local.csproj", "{13404C16-31A9-4F8D-9A52-E3960702F308}"
EndProject
Project("{FAE04EC0-301F-11D3-BF4B-00C04F79EFBC}") = "Penguin.Cms.Email.Local", "..\Penguin.Cms.Email\Penguin.Cms.Email.Local.csproj", "{13404C16-31A9-4F8D-9A52-E3960702F308}"
EndProject
Project("{FAE04EC0-301F-11D3-BF4B-00C04F79EFBC}") = "Penguin.Email.Local", "..\Penguin.Email\Penguin.Email.Local.csproj", "{13404C16-31A9-4F8D-9A52-E3960702F308}"
EndProject
Project("{FAE04EC0-301F-11D3-BF4B-00C04F79EFBC}") = "Penguin.Cms.Modules.Security.Local", "..\Penguin.Cms.Modules.Security\Penguin.Cms.Modules.Security.Local.csproj", "{13404C16-31A9-4F8D-9A52-E3960702F308}"
EndProject
Project("{FAE04EC0-301F-11D3-BF4B-00C04F79EFBC}") = "Penguin.Authentication.OWA.Local", "..\Penguin.Authentication.OWA\Penguin.Authentication.OWA.Local.csproj", "{13404C16-31A9-4F8D-9A52-E3960702F308}"
EndProject
Project("{FAE04EC0-301F-11D3-BF4B-00C04F79EFBC}") = "Penguin.Security.Local", "..\Penguin.Security\Penguin.Security.Local.csproj", "{13404C16-31A9-4F8D-9A52-E3960702F308}"
EndProject
Project("{FAE04EC0-301F-11D3-BF4B-00C04F79EFBC}") = "Penguin.Web.Configuration.Local", "..\Penguin.Web.Configuration\Penguin.Web.Configuration.Local.csproj", "{13404C16-31A9-4F8D-9A52-E3960702F308}"
EndProject
Project("{FAE04EC0-301F-11D3-BF4B-00C04F79EFBC}") = "Penguin.Authentication.Exchange.Local", "..\Penguin.Authentication.Exchange\Penguin.Authentication.Exchange.Local.csproj", "{13404C16-31A9-4F8D-9A52-E3960702F308}"
EndProject
Project("{FAE04EC0-301F-11D3-BF4B-00C04F79EFBC}") = "Penguin.Authentication.Abstractions.Local", "..\Penguin.Authentication.Abstractions\Penguin.Authentication.Abstractions.Local.csproj", "{13404C16-31A9-4F8D-9A52-E3960702F308}"
EndProject
Project("{FAE04EC0-301F-11D3-BF4B-00C04F79EFBC}") = "Penguin.Cms.Web.Security.Local", "..\Penguin.Cms.Web.Security\Penguin.Cms.Web.Security.Local.csproj", "{13404C16-31A9-4F8D-9A52-E3960702F308}"
EndProject
Project("{FAE04EC0-301F-11D3-BF4B-00C04F79EFBC}") = "Penguin.Web.Extensions.Local", "..\Penguin.Web.Extensions\Penguin.Web.Extensions.Local.csproj", "{13404C16-31A9-4F8D-9A52-E3960702F308}"
EndProject
Global
	GlobalSection(SolutionConfigurationPlatforms) = preSolution
		Debug|Any CPU = Debug|Any CPU
		Release|Any CPU = Release|Any CPU
	EndGlobalSection
	GlobalSection(SolutionProperties) = preSolution
		HideSolutionNode = FALSE
	EndGlobalSection
	GlobalSection(ProjectConfigurationPlatforms) = postSolution
		{13404C16-31A9-4F8D-9A52-E3960702F308}.Debug|Any CPU.ActiveCfg = Debug|Any CPU
		{13404C16-31A9-4F8D-9A52-E3960702F308}.Debug|Any CPU.Build.0 = Debug|Any CPU
		{13404C16-31A9-4F8D-9A52-E3960702F308}.Release|Any CPU.ActiveCfg = Release|Any CPU
		{13404C16-31A9-4F8D-9A52-E3960702F308}.Release|Any CPU.Build.0 = Release|Any CPU
	EndGlobalSection
EndGlobal
